
Microsoft Visual Studio Solution File, Format Version 12.00
# Visual Studio Version 16
VisualStudioVersion = 16.0.29911.84
MinimumVisualStudioVersion = 10.0.40219.1
Project("{FAE04EC0-301F-11D3-BF4B-00C04F79EFBC}") = "8주 6번", "8주 6번\8주 6번.csproj", "{19D795D9-3EBE-4656-BF7B-C1CDCC98D999}"
EndProject
Global
	GlobalSection(SolutionConfigurationPlatforms) = preSolution
		Debug|Any CPU = Debug|Any CPU
		Release|Any CPU = Release|Any CPU
	EndGlobalSection
	GlobalSection(ProjectConfigurationPlatforms) = postSolution
		{19D795D9-3EBE-4656-BF7B-C1CDCC98D999}.Debug|Any CPU.ActiveCfg = Debug|Any CPU
		{19D795D9-3EBE-4656-BF7B-C1CDCC98D999}.Debug|Any CPU.Build.0 = Debug|Any CPU
		{19D795D9-3EBE-4656-BF7B-C1CDCC98D999}.Release|Any CPU.ActiveCfg = Release|Any CPU
		{19D795D9-3EBE-4656-BF7B-C1CDCC98D999}.Release|Any CPU.Build.0 = Release|Any CPU
	EndGlobalSection
	GlobalSection(SolutionProperties) = preSolution
		HideSolutionNode = FALSE
	EndGlobalSection
	GlobalSection(ExtensibilityGlobals) = postSolution
		SolutionGuid = {C2EA11B8-DD24-407A-AC34-351B2F97F383}
	EndGlobalSection
EndGlobal
