
Microsoft Visual Studio Solution File, Format Version 12.00
# Visual Studio Version 16
VisualStudioVersion = 16.0.29911.84
MinimumVisualStudioVersion = 10.0.40219.1
Project("{FAE04EC0-301F-11D3-BF4B-00C04F79EFBC}") = "8주 10 번", "8주 10 번\8주 10 번.csproj", "{108DF893-1D18-49C5-9347-065F5A312E83}"
EndProject
Global
	GlobalSection(SolutionConfigurationPlatforms) = preSolution
		Debug|Any CPU = Debug|Any CPU
		Release|Any CPU = Release|Any CPU
	EndGlobalSection
	GlobalSection(ProjectConfigurationPlatforms) = postSolution
		{108DF893-1D18-49C5-9347-065F5A312E83}.Debug|Any CPU.ActiveCfg = Debug|Any CPU
		{108DF893-1D18-49C5-9347-065F5A312E83}.Debug|Any CPU.Build.0 = Debug|Any CPU
		{108DF893-1D18-49C5-9347-065F5A312E83}.Release|Any CPU.ActiveCfg = Release|Any CPU
		{108DF893-1D18-49C5-9347-065F5A312E83}.Release|Any CPU.Build.0 = Release|Any CPU
	EndGlobalSection
	GlobalSection(SolutionProperties) = preSolution
		HideSolutionNode = FALSE
	EndGlobalSection
	GlobalSection(ExtensibilityGlobals) = postSolution
		SolutionGuid = {58A12983-0B52-467F-83D1-19DB02941CE3}
	EndGlobalSection
EndGlobal
